// !$*UTF8*$!
{
	archiveVersion = 1;
	classes = {
	};
	objectVersion = 46;
	objects = {

/* Begin PBXBuildFile section */
		3D4ED7281F2A3E93008B7499 /* HackerRank.swift in Sources */ = {isa = PBXBuildFile; fileRef = 3D4ED7271F2A3E93008B7499 /* HackerRank.swift */; };
		3DD5E06D1F1D14C200AE6B55 /* main.swift in Sources */ = {isa = PBXBuildFile; fileRef = 3DD5E06C1F1D14C200AE6B55 /* main.swift */; };
		3DE6BA701F2A99F700B22DB2 /* ArraysLeftRotation.swift in Sources */ = {isa = PBXBuildFile; fileRef = 3D4ED7331F2A95A3008B7499 /* ArraysLeftRotation.swift */; };
		3DE6BA7B1F2B85E800B22DB2 /* HackerRankTemplate.swift in Sources */ = {isa = PBXBuildFile; fileRef = 3DE6BA741F2B85E300B22DB2 /* HackerRankTemplate.swift */; };
		3DE6BABC1F2B866300B22DB2 /* StringsMakingAnagrams.swift in Sources */ = {isa = PBXBuildFile; fileRef = 3DE6BA7D1F2B85F900B22DB2 /* StringsMakingAnagrams.swift */; };
		3DE6BABD1F2B869B00B22DB2 /* LinkedListsDetectACycle.swift in Sources */ = {isa = PBXBuildFile; fileRef = 3DE6BA8D1F2B860B00B22DB2 /* LinkedListsDetectACycle.swift */; };
		3DE6BABE1F2B869F00B22DB2 /* HashTablesRansomNote.swift in Sources */ = {isa = PBXBuildFile; fileRef = 3DE6BA851F2B860600B22DB2 /* HashTablesRansomNote.swift */; };
		3DE6BABF1F2B86BC00B22DB2 /* StacksBalancedBrackets.swift in Sources */ = {isa = PBXBuildFile; fileRef = 3DE6BA951F2B861200B22DB2 /* StacksBalancedBrackets.swift */; };
		3DE6BAC01F2B86D700B22DB2 /* QueuesATaleOfTwoStacks.swift in Sources */ = {isa = PBXBuildFile; fileRef = 3DE6BA9D1F2B861800B22DB2 /* QueuesATaleOfTwoStacks.swift */; };
		3DE6BAC11F2B86F500B22DB2 /* TreesIsThisABinarySearchTree.swift in Sources */ = {isa = PBXBuildFile; fileRef = 3DE6BAA51F2B861E00B22DB2 /* TreesIsThisABinarySearchTree.swift */; };
		3DE6BAC21F2B870C00B22DB2 /* HeapsFindTheRunningMedian.swift in Sources */ = {isa = PBXBuildFile; fileRef = 3DE6BAAD1F2B862200B22DB2 /* HeapsFindTheRunningMedian.swift */; };
		3DE6BAC31F2B872300B22DB2 /* TriesContacts.swift in Sources */ = {isa = PBXBuildFile; fileRef = 3DE6BAB51F2B862700B22DB2 /* TriesContacts.swift */; };
/* End PBXBuildFile section */

/* Begin PBXCopyFilesBuildPhase section */
		3DD5E0671F1D14C200AE6B55 /* CopyFiles */ = {
			isa = PBXCopyFilesBuildPhase;
			buildActionMask = 2147483647;
			dstPath = /usr/share/man/man1/;
			dstSubfolderSpec = 0;
			files = (
			);
			runOnlyForDeploymentPostprocessing = 1;
		};
/* End PBXCopyFilesBuildPhase section */

/* Begin PBXFileReference section */
		3D4ED7271F2A3E93008B7499 /* HackerRank.swift */ = {isa = PBXFileReference; fileEncoding = 4; lastKnownFileType = sourcecode.swift; path = HackerRank.swift; sourceTree = "<group>"; };
		3D4ED7331F2A95A3008B7499 /* ArraysLeftRotation.swift */ = {isa = PBXFileReference; lastKnownFileType = sourcecode.swift; path = ArraysLeftRotation.swift; sourceTree = "<group>"; };
		3D4ED7351F2A95A3008B7499 /* 01.txt */ = {isa = PBXFileReference; lastKnownFileType = text; path = 01.txt; sourceTree = "<group>"; };
		3D4ED7381F2A95A3008B7499 /* 01.txt */ = {isa = PBXFileReference; lastKnownFileType = text; path = 01.txt; sourceTree = "<group>"; };
		3DD5E0691F1D14C200AE6B55 /* HackerRank */ = {isa = PBXFileReference; explicitFileType = "compiled.mach-o.executable"; includeInIndex = 0; path = HackerRank; sourceTree = BUILT_PRODUCTS_DIR; };
		3DD5E06C1F1D14C200AE6B55 /* main.swift */ = {isa = PBXFileReference; lastKnownFileType = sourcecode.swift; path = main.swift; sourceTree = "<group>"; };
		3DE6BA711F2A9BD700B22DB2 /* 09.txt */ = {isa = PBXFileReference; lastKnownFileType = text; path = 09.txt; sourceTree = "<group>"; };
		3DE6BA721F2A9BDB00B22DB2 /* 09.txt */ = {isa = PBXFileReference; lastKnownFileType = text; path = 09.txt; sourceTree = "<group>"; };
		3DE6BA741F2B85E300B22DB2 /* HackerRankTemplate.swift */ = {isa = PBXFileReference; lastKnownFileType = sourcecode.swift; path = HackerRankTemplate.swift; sourceTree = "<group>"; };
		3DE6BA761F2B85E300B22DB2 /* fail.txt */ = {isa = PBXFileReference; lastKnownFileType = text; path = fail.txt; sourceTree = "<group>"; };
		3DE6BA771F2B85E300B22DB2 /* success.txt */ = {isa = PBXFileReference; lastKnownFileType = text; path = success.txt; sourceTree = "<group>"; };
		3DE6BA791F2B85E300B22DB2 /* fail.txt */ = {isa = PBXFileReference; lastKnownFileType = text; path = fail.txt; sourceTree = "<group>"; };
		3DE6BA7A1F2B85E300B22DB2 /* success.txt */ = {isa = PBXFileReference; lastKnownFileType = text; path = success.txt; sourceTree = "<group>"; };
		3DE6BA7D1F2B85F900B22DB2 /* StringsMakingAnagrams.swift */ = {isa = PBXFileReference; lastKnownFileType = sourcecode.swift; path = StringsMakingAnagrams.swift; sourceTree = "<group>"; };
		3DE6BA7F1F2B85F900B22DB2 /* 1.txt */ = {isa = PBXFileReference; lastKnownFileType = text; path = 1.txt; sourceTree = "<group>"; };
		3DE6BA801F2B85F900B22DB2 /* 12.txt */ = {isa = PBXFileReference; lastKnownFileType = text; path = 12.txt; sourceTree = "<group>"; };
		3DE6BA821F2B85F900B22DB2 /* 1.txt */ = {isa = PBXFileReference; lastKnownFileType = text; path = 1.txt; sourceTree = "<group>"; };
		3DE6BA831F2B85F900B22DB2 /* 12.txt */ = {isa = PBXFileReference; lastKnownFileType = text; path = 12.txt; sourceTree = "<group>"; };
		3DE6BA851F2B860600B22DB2 /* HashTablesRansomNote.swift */ = {isa = PBXFileReference; lastKnownFileType = sourcecode.swift; path = HashTablesRansomNote.swift; sourceTree = "<group>"; };
		3DE6BA871F2B860600B22DB2 /* 0.txt */ = {isa = PBXFileReference; lastKnownFileType = text; path = 0.txt; sourceTree = "<group>"; };
		3DE6BA881F2B860600B22DB2 /* 13.txt */ = {isa = PBXFileReference; lastKnownFileType = text; path = 13.txt; sourceTree = "<group>"; };
		3DE6BA8A1F2B860600B22DB2 /* 0.txt */ = {isa = PBXFileReference; lastKnownFileType = text; path = 0.txt; sourceTree = "<group>"; };
		3DE6BA8B1F2B860600B22DB2 /* 13.txt */ = {isa = PBXFileReference; lastKnownFileType = text; path = 13.txt; sourceTree = "<group>"; };
		3DE6BA8D1F2B860B00B22DB2 /* LinkedListsDetectACycle.swift */ = {isa = PBXFileReference; lastKnownFileType = sourcecode.swift; path = LinkedListsDetectACycle.swift; sourceTree = "<group>"; };
		3DE6BA8F1F2B860B00B22DB2 /* fail.txt */ = {isa = PBXFileReference; lastKnownFileType = text; path = fail.txt; sourceTree = "<group>"; };
		3DE6BA901F2B860B00B22DB2 /* success.txt */ = {isa = PBXFileReference; lastKnownFileType = text; path = success.txt; sourceTree = "<group>"; };
		3DE6BA921F2B860B00B22DB2 /* fail.txt */ = {isa = PBXFileReference; lastKnownFileType = text; path = fail.txt; sourceTree = "<group>"; };
		3DE6BA931F2B860B00B22DB2 /* success.txt */ = {isa = PBXFileReference; lastKnownFileType = text; path = success.txt; sourceTree = "<group>"; };
		3DE6BA951F2B861200B22DB2 /* StacksBalancedBrackets.swift */ = {isa = PBXFileReference; lastKnownFileType = sourcecode.swift; path = StacksBalancedBrackets.swift; sourceTree = "<group>"; };
		3DE6BA971F2B861200B22DB2 /* sample.txt */ = {isa = PBXFileReference; lastKnownFileType = text; path = sample.txt; sourceTree = "<group>"; };
		3DE6BA9A1F2B861200B22DB2 /* sample.txt */ = {isa = PBXFileReference; lastKnownFileType = text; path = sample.txt; sourceTree = "<group>"; };
		3DE6BA9D1F2B861800B22DB2 /* QueuesATaleOfTwoStacks.swift */ = {isa = PBXFileReference; lastKnownFileType = sourcecode.swift; path = QueuesATaleOfTwoStacks.swift; sourceTree = "<group>"; };
		3DE6BA9F1F2B861800B22DB2 /* sample.txt */ = {isa = PBXFileReference; lastKnownFileType = text; path = sample.txt; sourceTree = "<group>"; };
		3DE6BAA21F2B861800B22DB2 /* sample.txt */ = {isa = PBXFileReference; lastKnownFileType = text; path = sample.txt; sourceTree = "<group>"; };
		3DE6BAA51F2B861E00B22DB2 /* TreesIsThisABinarySearchTree.swift */ = {isa = PBXFileReference; lastKnownFileType = sourcecode.swift; path = TreesIsThisABinarySearchTree.swift; sourceTree = "<group>"; };
		3DE6BAA71F2B861E00B22DB2 /* fail.txt */ = {isa = PBXFileReference; lastKnownFileType = text; path = fail.txt; sourceTree = "<group>"; };
		3DE6BAA81F2B861E00B22DB2 /* success.txt */ = {isa = PBXFileReference; lastKnownFileType = text; path = success.txt; sourceTree = "<group>"; };
		3DE6BAAA1F2B861E00B22DB2 /* fail.txt */ = {isa = PBXFileReference; lastKnownFileType = text; path = fail.txt; sourceTree = "<group>"; };
		3DE6BAAB1F2B861E00B22DB2 /* success.txt */ = {isa = PBXFileReference; lastKnownFileType = text; path = success.txt; sourceTree = "<group>"; };
		3DE6BAAD1F2B862200B22DB2 /* HeapsFindTheRunningMedian.swift */ = {isa = PBXFileReference; lastKnownFileType = sourcecode.swift; path = HeapsFindTheRunningMedian.swift; sourceTree = "<group>"; };
		3DE6BAAF1F2B862200B22DB2 /* sample.txt */ = {isa = PBXFileReference; lastKnownFileType = text; path = sample.txt; sourceTree = "<group>"; };
		3DE6BAB21F2B862200B22DB2 /* sample.txt */ = {isa = PBXFileReference; lastKnownFileType = text; path = sample.txt; sourceTree = "<group>"; };
		3DE6BAB51F2B862700B22DB2 /* TriesContacts.swift */ = {isa = PBXFileReference; lastKnownFileType = sourcecode.swift; path = TriesContacts.swift; sourceTree = "<group>"; };
		3DE6BAB71F2B862700B22DB2 /* sample.txt */ = {isa = PBXFileReference; lastKnownFileType = text; path = sample.txt; sourceTree = "<group>"; };
		3DE6BABA1F2B862700B22DB2 /* sample.txt */ = {isa = PBXFileReference; lastKnownFileType = text; path = sample.txt; sourceTree = "<group>"; };
/* End PBXFileReference section */

/* Begin PBXFrameworksBuildPhase section */
		3DD5E0661F1D14C200AE6B55 /* Frameworks */ = {
			isa = PBXFrameworksBuildPhase;
			buildActionMask = 2147483647;
			files = (
			);
			runOnlyForDeploymentPostprocessing = 0;
		};
/* End PBXFrameworksBuildPhase section */

/* Begin PBXGroup section */
		3D4ED7321F2A95A3008B7499 /* 01-Arrays-LeftRotation */ = {
			isa = PBXGroup;
			children = (
				3D4ED7331F2A95A3008B7499 /* ArraysLeftRotation.swift */,
				3D4ED7341F2A95A3008B7499 /* inputs */,
				3D4ED7371F2A95A3008B7499 /* outputs */,
			);
			path = "01-Arrays-LeftRotation";
			sourceTree = "<group>";
		};
		3D4ED7341F2A95A3008B7499 /* inputs */ = {
			isa = PBXGroup;
			children = (
				3D4ED7351F2A95A3008B7499 /* 01.txt */,
				3DE6BA711F2A9BD700B22DB2 /* 09.txt */,
			);
			path = inputs;
			sourceTree = "<group>";
		};
		3D4ED7371F2A95A3008B7499 /* outputs */ = {
			isa = PBXGroup;
			children = (
				3D4ED7381F2A95A3008B7499 /* 01.txt */,
				3DE6BA721F2A9BDB00B22DB2 /* 09.txt */,
			);
			path = outputs;
			sourceTree = "<group>";
		};
		3DD5E0601F1D14C200AE6B55 = {
			isa = PBXGroup;
			children = (
				3DD5E06B1F1D14C200AE6B55 /* HackerRank */,
				3D4ED7271F2A3E93008B7499 /* HackerRank.swift */,
				3DD5E06A1F1D14C200AE6B55 /* Products */,
			);
			sourceTree = "<group>";
		};
		3DD5E06A1F1D14C200AE6B55 /* Products */ = {
			isa = PBXGroup;
			children = (
				3DD5E0691F1D14C200AE6B55 /* HackerRank */,
			);
			name = Products;
			sourceTree = "<group>";
		};
		3DD5E06B1F1D14C200AE6B55 /* HackerRank */ = {
			isa = PBXGroup;
			children = (
				3DD5E06C1F1D14C200AE6B55 /* main.swift */,
				3DE6BA731F2B85E300B22DB2 /* 00-HackerRankTemplate */,
				3D4ED7321F2A95A3008B7499 /* 01-Arrays-LeftRotation */,
				3DE6BA7C1F2B85F900B22DB2 /* 02-Strings-MakingAnagrams */,
				3DE6BA841F2B860600B22DB2 /* 03-HashTables-RansomNote */,
				3DE6BA8C1F2B860B00B22DB2 /* 04-LinkedLists-DetectACycle */,
				3DE6BA941F2B861200B22DB2 /* 05-Stacks-BalancedBrackets */,
				3DE6BA9C1F2B861800B22DB2 /* 06-Queues-ATaleOfTwoStacks */,
				3DE6BAA41F2B861E00B22DB2 /* 07-Trees-IsThisABinarySearchTree */,
				3DE6BAAC1F2B862200B22DB2 /* 08-Heaps-FindTheRunningMedian */,
				3DE6BAB41F2B862700B22DB2 /* 09-Tries-Contacts */,
			);
			path = HackerRank;
			sourceTree = "<group>";
		};
		3DE6BA731F2B85E300B22DB2 /* 00-HackerRankTemplate */ = {
			isa = PBXGroup;
			children = (
				3DE6BA741F2B85E300B22DB2 /* HackerRankTemplate.swift */,
				3DE6BA751F2B85E300B22DB2 /* inputs */,
				3DE6BA781F2B85E300B22DB2 /* outputs */,
			);
			path = "00-HackerRankTemplate";
			sourceTree = "<group>";
		};
		3DE6BA751F2B85E300B22DB2 /* inputs */ = {
			isa = PBXGroup;
			children = (
				3DE6BA761F2B85E300B22DB2 /* fail.txt */,
				3DE6BA771F2B85E300B22DB2 /* success.txt */,
			);
			path = inputs;
			sourceTree = "<group>";
		};
		3DE6BA781F2B85E300B22DB2 /* outputs */ = {
			isa = PBXGroup;
			children = (
				3DE6BA791F2B85E300B22DB2 /* fail.txt */,
				3DE6BA7A1F2B85E300B22DB2 /* success.txt */,
			);
			path = outputs;
			sourceTree = "<group>";
		};
		3DE6BA7C1F2B85F900B22DB2 /* 02-Strings-MakingAnagrams */ = {
			isa = PBXGroup;
			children = (
				3DE6BA7D1F2B85F900B22DB2 /* StringsMakingAnagrams.swift */,
				3DE6BA7E1F2B85F900B22DB2 /* inputs */,
				3DE6BA811F2B85F900B22DB2 /* outputs */,
			);
			path = "02-Strings-MakingAnagrams";
			sourceTree = "<group>";
		};
		3DE6BA7E1F2B85F900B22DB2 /* inputs */ = {
			isa = PBXGroup;
			children = (
				3DE6BA7F1F2B85F900B22DB2 /* 1.txt */,
				3DE6BA801F2B85F900B22DB2 /* 12.txt */,
			);
			path = inputs;
			sourceTree = "<group>";
		};
		3DE6BA811F2B85F900B22DB2 /* outputs */ = {
			isa = PBXGroup;
			children = (
				3DE6BA821F2B85F900B22DB2 /* 1.txt */,
				3DE6BA831F2B85F900B22DB2 /* 12.txt */,
			);
			path = outputs;
			sourceTree = "<group>";
		};
		3DE6BA841F2B860600B22DB2 /* 03-HashTables-RansomNote */ = {
			isa = PBXGroup;
			children = (
				3DE6BA851F2B860600B22DB2 /* HashTablesRansomNote.swift */,
				3DE6BA861F2B860600B22DB2 /* inputs */,
				3DE6BA891F2B860600B22DB2 /* outputs */,
			);
			path = "03-HashTables-RansomNote";
			sourceTree = "<group>";
		};
		3DE6BA861F2B860600B22DB2 /* inputs */ = {
			isa = PBXGroup;
			children = (
				3DE6BA871F2B860600B22DB2 /* 0.txt */,
				3DE6BA881F2B860600B22DB2 /* 13.txt */,
			);
			path = inputs;
			sourceTree = "<group>";
		};
		3DE6BA891F2B860600B22DB2 /* outputs */ = {
			isa = PBXGroup;
			children = (
				3DE6BA8A1F2B860600B22DB2 /* 0.txt */,
				3DE6BA8B1F2B860600B22DB2 /* 13.txt */,
			);
			path = outputs;
			sourceTree = "<group>";
		};
		3DE6BA8C1F2B860B00B22DB2 /* 04-LinkedLists-DetectACycle */ = {
			isa = PBXGroup;
			children = (
				3DE6BA8D1F2B860B00B22DB2 /* LinkedListsDetectACycle.swift */,
				3DE6BA8E1F2B860B00B22DB2 /* inputs */,
				3DE6BA911F2B860B00B22DB2 /* outputs */,
			);
			path = "04-LinkedLists-DetectACycle";
			sourceTree = "<group>";
		};
		3DE6BA8E1F2B860B00B22DB2 /* inputs */ = {
			isa = PBXGroup;
			children = (
				3DE6BA8F1F2B860B00B22DB2 /* fail.txt */,
				3DE6BA901F2B860B00B22DB2 /* success.txt */,
			);
			path = inputs;
			sourceTree = "<group>";
		};
		3DE6BA911F2B860B00B22DB2 /* outputs */ = {
			isa = PBXGroup;
			children = (
				3DE6BA921F2B860B00B22DB2 /* fail.txt */,
				3DE6BA931F2B860B00B22DB2 /* success.txt */,
			);
			path = outputs;
			sourceTree = "<group>";
		};
		3DE6BA941F2B861200B22DB2 /* 05-Stacks-BalancedBrackets */ = {
			isa = PBXGroup;
			children = (
				3DE6BA951F2B861200B22DB2 /* StacksBalancedBrackets.swift */,
				3DE6BA961F2B861200B22DB2 /* inputs */,
				3DE6BA991F2B861200B22DB2 /* outputs */,
			);
			path = "05-Stacks-BalancedBrackets";
			sourceTree = "<group>";
		};
		3DE6BA961F2B861200B22DB2 /* inputs */ = {
			isa = PBXGroup;
			children = (
				3DE6BA971F2B861200B22DB2 /* sample.txt */,
			);
			path = inputs;
			sourceTree = "<group>";
		};
		3DE6BA991F2B861200B22DB2 /* outputs */ = {
			isa = PBXGroup;
			children = (
				3DE6BA9A1F2B861200B22DB2 /* sample.txt */,
			);
			path = outputs;
			sourceTree = "<group>";
		};
		3DE6BA9C1F2B861800B22DB2 /* 06-Queues-ATaleOfTwoStacks */ = {
			isa = PBXGroup;
			children = (
				3DE6BA9D1F2B861800B22DB2 /* QueuesATaleOfTwoStacks.swift */,
				3DE6BA9E1F2B861800B22DB2 /* inputs */,
				3DE6BAA11F2B861800B22DB2 /* outputs */,
			);
			path = "06-Queues-ATaleOfTwoStacks";
			sourceTree = "<group>";
		};
		3DE6BA9E1F2B861800B22DB2 /* inputs */ = {
			isa = PBXGroup;
			children = (
				3DE6BA9F1F2B861800B22DB2 /* sample.txt */,
			);
			path = inputs;
			sourceTree = "<group>";
		};
		3DE6BAA11F2B861800B22DB2 /* outputs */ = {
			isa = PBXGroup;
			children = (
				3DE6BAA21F2B861800B22DB2 /* sample.txt */,
			);
			path = outputs;
			sourceTree = "<group>";
		};
		3DE6BAA41F2B861E00B22DB2 /* 07-Trees-IsThisABinarySearchTree */ = {
			isa = PBXGroup;
			children = (
				3DE6BAA51F2B861E00B22DB2 /* TreesIsThisABinarySearchTree.swift */,
				3DE6BAA61F2B861E00B22DB2 /* inputs */,
				3DE6BAA91F2B861E00B22DB2 /* outputs */,
			);
			path = "07-Trees-IsThisABinarySearchTree";
			sourceTree = "<group>";
		};
		3DE6BAA61F2B861E00B22DB2 /* inputs */ = {
			isa = PBXGroup;
			children = (
				3DE6BAA71F2B861E00B22DB2 /* fail.txt */,
				3DE6BAA81F2B861E00B22DB2 /* success.txt */,
			);
			path = inputs;
			sourceTree = "<group>";
		};
		3DE6BAA91F2B861E00B22DB2 /* outputs */ = {
			isa = PBXGroup;
			children = (
				3DE6BAAA1F2B861E00B22DB2 /* fail.txt */,
				3DE6BAAB1F2B861E00B22DB2 /* success.txt */,
			);
			path = outputs;
			sourceTree = "<group>";
		};
		3DE6BAAC1F2B862200B22DB2 /* 08-Heaps-FindTheRunningMedian */ = {
			isa = PBXGroup;
			children = (
				3DE6BAAD1F2B862200B22DB2 /* HeapsFindTheRunningMedian.swift */,
				3DE6BAAE1F2B862200B22DB2 /* inputs */,
				3DE6BAB11F2B862200B22DB2 /* outputs */,
			);
			path = "08-Heaps-FindTheRunningMedian";
			sourceTree = "<group>";
		};
		3DE6BAAE1F2B862200B22DB2 /* inputs */ = {
			isa = PBXGroup;
			children = (
				3DE6BAAF1F2B862200B22DB2 /* sample.txt */,
			);
			path = inputs;
			sourceTree = "<group>";
		};
		3DE6BAB11F2B862200B22DB2 /* outputs */ = {
			isa = PBXGroup;
			children = (
				3DE6BAB21F2B862200B22DB2 /* sample.txt */,
			);
			path = outputs;
			sourceTree = "<group>";
		};
		3DE6BAB41F2B862700B22DB2 /* 09-Tries-Contacts */ = {
			isa = PBXGroup;
			children = (
				3DE6BAB51F2B862700B22DB2 /* TriesContacts.swift */,
				3DE6BAB61F2B862700B22DB2 /* inputs */,
				3DE6BAB91F2B862700B22DB2 /* outputs */,
			);
			path = "09-Tries-Contacts";
			sourceTree = "<group>";
		};
		3DE6BAB61F2B862700B22DB2 /* inputs */ = {
			isa = PBXGroup;
			children = (
				3DE6BAB71F2B862700B22DB2 /* sample.txt */,
			);
			path = inputs;
			sourceTree = "<group>";
		};
		3DE6BAB91F2B862700B22DB2 /* outputs */ = {
			isa = PBXGroup;
			children = (
				3DE6BABA1F2B862700B22DB2 /* sample.txt */,
			);
			path = outputs;
			sourceTree = "<group>";
		};
/* End PBXGroup section */

/* Begin PBXNativeTarget section */
		3DD5E0681F1D14C200AE6B55 /* HackerRank */ = {
			isa = PBXNativeTarget;
			buildConfigurationList = 3DD5E0701F1D14C200AE6B55 /* Build configuration list for PBXNativeTarget "HackerRank" */;
			buildPhases = (
				3DD5E0651F1D14C200AE6B55 /* Sources */,
				3DD5E0661F1D14C200AE6B55 /* Frameworks */,
				3DD5E0671F1D14C200AE6B55 /* CopyFiles */,
			);
			buildRules = (
			);
			dependencies = (
			);
			name = HackerRank;
			productName = HackerRank;
			productReference = 3DD5E0691F1D14C200AE6B55 /* HackerRank */;
			productType = "com.apple.product-type.tool";
		};
/* End PBXNativeTarget section */

/* Begin PBXProject section */
		3DD5E0611F1D14C200AE6B55 /* Project object */ = {
			isa = PBXProject;
			attributes = {
				LastSwiftUpdateCheck = 0830;
				LastUpgradeCheck = 0900;
				ORGANIZATIONNAME = "Hoffman Tools";
				TargetAttributes = {
					3DD5E0681F1D14C200AE6B55 = {
						CreatedOnToolsVersion = 8.3.3;
						DevelopmentTeam = 52C9SM2JR3;
						LastSwiftMigration = 0900;
						ProvisioningStyle = Automatic;
					};
				};
			};
			buildConfigurationList = 3DD5E0641F1D14C200AE6B55 /* Build configuration list for PBXProject "HackerRank" */;
			compatibilityVersion = "Xcode 3.2";
			developmentRegion = English;
			hasScannedForEncodings = 0;
			knownRegions = (
				en,
			);
			mainGroup = 3DD5E0601F1D14C200AE6B55;
			productRefGroup = 3DD5E06A1F1D14C200AE6B55 /* Products */;
			projectDirPath = "";
			projectRoot = "";
			targets = (
				3DD5E0681F1D14C200AE6B55 /* HackerRank */,
			);
		};
/* End PBXProject section */

/* Begin PBXSourcesBuildPhase section */
		3DD5E0651F1D14C200AE6B55 /* Sources */ = {
			isa = PBXSourcesBuildPhase;
			buildActionMask = 2147483647;
			files = (
				3DE6BAC01F2B86D700B22DB2 /* QueuesATaleOfTwoStacks.swift in Sources */,
				3DE6BA701F2A99F700B22DB2 /* ArraysLeftRotation.swift in Sources */,
				3DE6BAC11F2B86F500B22DB2 /* TreesIsThisABinarySearchTree.swift in Sources */,
				3DE6BABF1F2B86BC00B22DB2 /* StacksBalancedBrackets.swift in Sources */,
				3DE6BABE1F2B869F00B22DB2 /* HashTablesRansomNote.swift in Sources */,
				3DE6BA7B1F2B85E800B22DB2 /* HackerRankTemplate.swift in Sources */,
				3DE6BAC21F2B870C00B22DB2 /* HeapsFindTheRunningMedian.swift in Sources */,
				3DE6BABC1F2B866300B22DB2 /* StringsMakingAnagrams.swift in Sources */,
				3DE6BAC31F2B872300B22DB2 /* TriesContacts.swift in Sources */,
				3DD5E06D1F1D14C200AE6B55 /* main.swift in Sources */,
				3DE6BABD1F2B869B00B22DB2 /* LinkedListsDetectACycle.swift in Sources */,
				3D4ED7281F2A3E93008B7499 /* HackerRank.swift in Sources */,
			);
			runOnlyForDeploymentPostprocessing = 0;
		};
/* End PBXSourcesBuildPhase section */

/* Begin XCBuildConfiguration section */
		3DD5E06E1F1D14C200AE6B55 /* Debug */ = {
			isa = XCBuildConfiguration;
			buildSettings = {
				ALWAYS_SEARCH_USER_PATHS = NO;
				CLANG_ANALYZER_NONNULL = YES;
				CLANG_ANALYZER_NUMBER_OBJECT_CONVERSION = YES_AGGRESSIVE;
				CLANG_CXX_LANGUAGE_STANDARD = "gnu++0x";
				CLANG_CXX_LIBRARY = "libc++";
				CLANG_ENABLE_MODULES = YES;
				CLANG_ENABLE_OBJC_ARC = YES;
				CLANG_WARN_BLOCK_CAPTURE_AUTORELEASING = YES;
				CLANG_WARN_BOOL_CONVERSION = YES;
				CLANG_WARN_COMMA = YES;
				CLANG_WARN_CONSTANT_CONVERSION = YES;
				CLANG_WARN_DIRECT_OBJC_ISA_USAGE = YES_ERROR;
				CLANG_WARN_DOCUMENTATION_COMMENTS = YES;
				CLANG_WARN_EMPTY_BODY = YES;
				CLANG_WARN_ENUM_CONVERSION = YES;
				CLANG_WARN_INFINITE_RECURSION = YES;
				CLANG_WARN_INT_CONVERSION = YES;
				CLANG_WARN_NON_LITERAL_NULL_CONVERSION = YES;
				CLANG_WARN_OBJC_LITERAL_CONVERSION = YES;
				CLANG_WARN_OBJC_ROOT_CLASS = YES_ERROR;
				CLANG_WARN_RANGE_LOOP_ANALYSIS = YES;
				CLANG_WARN_STRICT_PROTOTYPES = YES;
				CLANG_WARN_SUSPICIOUS_MOVE = YES;
				CLANG_WARN_UNREACHABLE_CODE = YES;
				CLANG_WARN__DUPLICATE_METHOD_MATCH = YES;
				CODE_SIGN_IDENTITY = "-";
				COPY_PHASE_STRIP = NO;
				DEBUG_INFORMATION_FORMAT = dwarf;
				ENABLE_STRICT_OBJC_MSGSEND = YES;
				ENABLE_TESTABILITY = YES;
				GCC_C_LANGUAGE_STANDARD = gnu99;
				GCC_DYNAMIC_NO_PIC = NO;
				GCC_NO_COMMON_BLOCKS = YES;
				GCC_OPTIMIZATION_LEVEL = 0;
				GCC_PREPROCESSOR_DEFINITIONS = (
					"DEBUG=1",
					"$(inherited)",
				);
				GCC_WARN_64_TO_32_BIT_CONVERSION = YES;
				GCC_WARN_ABOUT_RETURN_TYPE = YES_ERROR;
				GCC_WARN_UNDECLARED_SELECTOR = YES;
				GCC_WARN_UNINITIALIZED_AUTOS = YES_AGGRESSIVE;
				GCC_WARN_UNUSED_FUNCTION = YES;
				GCC_WARN_UNUSED_VARIABLE = YES;
				MACOSX_DEPLOYMENT_TARGET = 10.12;
				MTL_ENABLE_DEBUG_INFO = YES;
				ONLY_ACTIVE_ARCH = YES;
				SDKROOT = macosx;
				SWIFT_OPTIMIZATION_LEVEL = "-Onone";
			};
			name = Debug;
		};
		3DD5E06F1F1D14C200AE6B55 /* Release */ = {
			isa = XCBuildConfiguration;
			buildSettings = {
				ALWAYS_SEARCH_USER_PATHS = NO;
				CLANG_ANALYZER_NONNULL = YES;
				CLANG_ANALYZER_NUMBER_OBJECT_CONVERSION = YES_AGGRESSIVE;
				CLANG_CXX_LANGUAGE_STANDARD = "gnu++0x";
				CLANG_CXX_LIBRARY = "libc++";
				CLANG_ENABLE_MODULES = YES;
				CLANG_ENABLE_OBJC_ARC = YES;
				CLANG_WARN_BLOCK_CAPTURE_AUTORELEASING = YES;
				CLANG_WARN_BOOL_CONVERSION = YES;
				CLANG_WARN_COMMA = YES;
				CLANG_WARN_CONSTANT_CONVERSION = YES;
				CLANG_WARN_DIRECT_OBJC_ISA_USAGE = YES_ERROR;
				CLANG_WARN_DOCUMENTATION_COMMENTS = YES;
				CLANG_WARN_EMPTY_BODY = YES;
				CLANG_WARN_ENUM_CONVERSION = YES;
				CLANG_WARN_INFINITE_RECURSION = YES;
				CLANG_WARN_INT_CONVERSION = YES;
				CLANG_WARN_NON_LITERAL_NULL_CONVERSION = YES;
				CLANG_WARN_OBJC_LITERAL_CONVERSION = YES;
				CLANG_WARN_OBJC_ROOT_CLASS = YES_ERROR;
				CLANG_WARN_RANGE_LOOP_ANALYSIS = YES;
				CLANG_WARN_STRICT_PROTOTYPES = YES;
				CLANG_WARN_SUSPICIOUS_MOVE = YES;
				CLANG_WARN_UNREACHABLE_CODE = YES;
				CLANG_WARN__DUPLICATE_METHOD_MATCH = YES;
				CODE_SIGN_IDENTITY = "-";
				COPY_PHASE_STRIP = NO;
				DEBUG_INFORMATION_FORMAT = "dwarf-with-dsym";
				ENABLE_NS_ASSERTIONS = NO;
				ENABLE_STRICT_OBJC_MSGSEND = YES;
				GCC_C_LANGUAGE_STANDARD = gnu99;
				GCC_NO_COMMON_BLOCKS = YES;
				GCC_WARN_64_TO_32_BIT_CONVERSION = YES;
				GCC_WARN_ABOUT_RETURN_TYPE = YES_ERROR;
				GCC_WARN_UNDECLARED_SELECTOR = YES;
				GCC_WARN_UNINITIALIZED_AUTOS = YES_AGGRESSIVE;
				GCC_WARN_UNUSED_FUNCTION = YES;
				GCC_WARN_UNUSED_VARIABLE = YES;
				MACOSX_DEPLOYMENT_TARGET = 10.12;
				MTL_ENABLE_DEBUG_INFO = NO;
				SDKROOT = macosx;
				SWIFT_OPTIMIZATION_LEVEL = "-Owholemodule";
			};
			name = Release;
		};
		3DD5E0711F1D14C200AE6B55 /* Debug */ = {
			isa = XCBuildConfiguration;
			buildSettings = {
				CODE_SIGN_IDENTITY = "Mac Developer";
				DEVELOPMENT_TEAM = 52C9SM2JR3;
				PRODUCT_NAME = "$(TARGET_NAME)";
				PROVISIONING_PROFILE_SPECIFIER = "";
				SWIFT_SWIFT3_OBJC_INFERENCE = On;
				SWIFT_VERSION = 4.0;
			};
			name = Debug;
		};
		3DD5E0721F1D14C200AE6B55 /* Release */ = {
			isa = XCBuildConfiguration;
			buildSettings = {
				CODE_SIGN_IDENTITY = "Mac Developer";
				DEVELOPMENT_TEAM = 52C9SM2JR3;
				PRODUCT_NAME = "$(TARGET_NAME)";
				PROVISIONING_PROFILE_SPECIFIER = "";
				SWIFT_SWIFT3_OBJC_INFERENCE = On;
				SWIFT_VERSION = 4.0;
			};
			name = Release;
		};
/* End XCBuildConfiguration section */

/* Begin XCConfigurationList section */
		3DD5E0641F1D14C200AE6B55 /* Build configuration list for PBXProject "HackerRank" */ = {
			isa = XCConfigurationList;
			buildConfigurations = (
				3DD5E06E1F1D14C200AE6B55 /* Debug */,
				3DD5E06F1F1D14C200AE6B55 /* Release */,
			);
			defaultConfigurationIsVisible = 0;
			defaultConfigurationName = Release;
		};
		3DD5E0701F1D14C200AE6B55 /* Build configuration list for PBXNativeTarget "HackerRank" */ = {
			isa = XCConfigurationList;
			buildConfigurations = (
				3DD5E0711F1D14C200AE6B55 /* Debug */,
				3DD5E0721F1D14C200AE6B55 /* Release */,
			);
			defaultConfigurationIsVisible = 0;
			defaultConfigurationName = Release;
		};
/* End XCConfigurationList section */
	};
	rootObject = 3DD5E0611F1D14C200AE6B55 /* Project object */;
}
